// !$*UTF8*$!
{
	archiveVersion = 1;
	classes = {
	};
	objectVersion = 77;
	objects = {

/* Begin PBXBuildFile section */
		BDE655162F779CEA006F6709 /* StrokeOrderWebView.swift in Sources */ = {isa = PBXBuildFile; fileRef = BDE655152F779CEA006F6709 /* StrokeOrderWebView.swift */; };
		BDF0F8592F6A430600CAD578 /* DictionaryAppApp.swift in Sources */ = {isa = PBXBuildFile; fileRef = BDF0F8582F6A430600CAD578 /* DictionaryAppApp.swift */; };
		BDF0F85B2F6A430600CAD578 /* DictionaryView.swift in Sources */ = {isa = PBXBuildFile; fileRef = BDF0F85A2F6A430600CAD578 /* DictionaryView.swift */; };
		BDF0F85D2F6A430800CAD578 /* Assets.xcassets in Resources */ = {isa = PBXBuildFile; fileRef = BDF0F85C2F6A430800CAD578 /* Assets.xcassets */; };
		BDF5F3472F6A520B00EB7500 /* EntryDetailView.swift in Sources */ = {isa = PBXBuildFile; fileRef = BDF5F3462F6A520B00EB7500 /* EntryDetailView.swift */; };
		BDF5F3492F6A522B00EB7500 /* AIView.swift in Sources */ = {isa = PBXBuildFile; fileRef = BDF5F3482F6A522B00EB7500 /* AIView.swift */; };
		BDF5F34B2F6A560800EB7500 /* DictionaryMainView.swift in Sources */ = {isa = PBXBuildFile; fileRef = BDF5F34A2F6A560800EB7500 /* DictionaryMainView.swift */; };
		BDF5F34D2F6A574E00EB7500 /* APIService.swift in Sources */ = {isa = PBXBuildFile; fileRef = BDF5F34C2F6A574E00EB7500 /* APIService.swift */; };
		BDF5F34F2F6A57B400EB7500 /* Entry.swift in Sources */ = {isa = PBXBuildFile; fileRef = BDF5F34E2F6A57B400EB7500 /* Entry.swift */; };
		BDF5F3512F6A582300EB7500 /* SearchResponse.swift in Sources */ = {isa = PBXBuildFile; fileRef = BDF5F3502F6A582300EB7500 /* SearchResponse.swift */; };
		BDF5F3532F6B9A7000EB7500 /* AIModels.swift in Sources */ = {isa = PBXBuildFile; fileRef = BDF5F3522F6B9A7000EB7500 /* AIModels.swift */; };
/* End PBXBuildFile section */

/* Begin PBXFileReference section */
		BDCBE9422F8C2F10005E71DD /* README.md */ = {isa = PBXFileReference; lastKnownFileType = sourcecode.swift; path = README.md; sourceTree = "<group>"; };
		BDE655152F779CEA006F6709 /* StrokeOrderWebView.swift */ = {isa = PBXFileReference; lastKnownFileType = sourcecode.swift; path = StrokeOrderWebView.swift; sourceTree = "<group>"; };
		BDF0F8552F6A430600CAD578 /* DictionaryApp.app */ = {isa = PBXFileReference; explicitFileType = wrapper.application; includeInIndex = 0; path = DictionaryApp.app; sourceTree = BUILT_PRODUCTS_DIR; };
		BDF0F8582F6A430600CAD578 /* DictionaryAppApp.swift */ = {isa = PBXFileReference; lastKnownFileType = sourcecode.swift; path = DictionaryAppApp.swift; sourceTree = "<group>"; };
		BDF0F85A2F6A430600CAD578 /* DictionaryView.swift */ = {isa = PBXFileReference; lastKnownFileType = sourcecode.swift; path = DictionaryView.swift; sourceTree = "<group>"; };
		BDF0F85C2F6A430800CAD578 /* Assets.xcassets */ = {isa = PBXFileReference; lastKnownFileType = folder.assetcatalog; path = Assets.xcassets; sourceTree = "<group>"; };
		BDF5F3462F6A520B00EB7500 /* EntryDetailView.swift */ = {isa = PBXFileReference; lastKnownFileType = sourcecode.swift; path = EntryDetailView.swift; sourceTree = "<group>"; };
		BDF5F3482F6A522B00EB7500 /* AIView.swift */ = {isa = PBXFileReference; lastKnownFileType = sourcecode.swift; path = AIView.swift; sourceTree = "<group>"; };
		BDF5F34A2F6A560800EB7500 /* DictionaryMainView.swift */ = {isa = PBXFileReference; lastKnownFileType = sourcecode.swift; path = DictionaryMainView.swift; sourceTree = "<group>"; };
		BDF5F34C2F6A574E00EB7500 /* APIService.swift */ = {isa = PBXFileReference; lastKnownFileType = sourcecode.swift; path = APIService.swift; sourceTree = "<group>"; };
		BDF5F34E2F6A57B400EB7500 /* Entry.swift */ = {isa = PBXFileReference; lastKnownFileType = sourcecode.swift; path = Entry.swift; sourceTree = "<group>"; };
		BDF5F3502F6A582300EB7500 /* SearchResponse.swift */ = {isa = PBXFileReference; lastKnownFileType = sourcecode.swift; path = SearchResponse.swift; sourceTree = "<group>"; };
		BDF5F3522F6B9A7000EB7500 /* AIModels.swift */ = {isa = PBXFileReference; lastKnownFileType = sourcecode.swift; path = AIModels.swift; sourceTree = "<group>"; };
/* End PBXFileReference section */

/* Begin PBXFrameworksBuildPhase section */
		BDF0F8522F6A430600CAD578 /* Frameworks */ = {
			isa = PBXFrameworksBuildPhase;
			buildActionMask = 2147483647;
			files = (
			);
			runOnlyForDeploymentPostprocessing = 0;
		};
/* End PBXFrameworksBuildPhase section */

/* Begin PBXGroup section */
		BDF0F84C2F6A430600CAD578 = {
			isa = PBXGroup;
			children = (
				BDCBE9422F8C2F10005E71DD /* README.md */,
				BDF0F8682F6A4B9400CAD578 /* Components */,
				BDF0F8672F6A4B8D00CAD578 /* Views */,
				BDF0F8662F6A4B8600CAD578 /* Network */,
				BDF0F8652F6A4B7B00CAD578 /* Models */,
				BDF0F8582F6A430600CAD578 /* DictionaryAppApp.swift */,
				BDF0F85C2F6A430800CAD578 /* Assets.xcassets */,
				BDF0F8562F6A430600CAD578 /* Products */,
			);
			sourceTree = "<group>";
		};
		BDF0F8562F6A430600CAD578 /* Products */ = {
			isa = PBXGroup;
			children = (
				BDF0F8552F6A430600CAD578 /* DictionaryApp.app */,
			);
			name = Products;
			sourceTree = "<group>";
		};
		BDF0F8652F6A4B7B00CAD578 /* Models */ = {
			isa = PBXGroup;
			children = (
				BDF5F34E2F6A57B400EB7500 /* Entry.swift */,
				BDF5F3502F6A582300EB7500 /* SearchResponse.swift */,
				BDF5F3522F6B9A7000EB7500 /* AIModels.swift */,
			);
			path = Models;
			sourceTree = "<group>";
		};
		BDF0F8662F6A4B8600CAD578 /* Network */ = {
			isa = PBXGroup;
			children = (
				BDF5F34C2F6A574E00EB7500 /* APIService.swift */,
			);
			path = Network;
			sourceTree = "<group>";
		};
		BDF0F8672F6A4B8D00CAD578 /* Views */ = {
			isa = PBXGroup;
			children = (
				BDF0F85A2F6A430600CAD578 /* DictionaryView.swift */,
				BDF5F3462F6A520B00EB7500 /* EntryDetailView.swift */,
				BDF5F3482F6A522B00EB7500 /* AIView.swift */,
				BDF5F34A2F6A560800EB7500 /* DictionaryMainView.swift */,
			);
			path = Views;
			sourceTree = "<group>";
		};
		BDF0F8682F6A4B9400CAD578 /* Components */ = {
			isa = PBXGroup;
			children = (
				BDE655152F779CEA006F6709 /* StrokeOrderWebView.swift */,
			);
			path = Components;
			sourceTree = "<group>";
		};
/* End PBXGroup section */

/* Begin PBXNativeTarget section */
		BDF0F8542F6A430600CAD578 /* DictionaryApp */ = {
			isa = PBXNativeTarget;
			buildConfigurationList = BDF0F8602F6A430800CAD578 /* Build configuration list for PBXNativeTarget "DictionaryApp" */;
			buildPhases = (
				BDF0F8512F6A430600CAD578 /* Sources */,
				BDF0F8522F6A430600CAD578 /* Frameworks */,
				BDF0F8532F6A430600CAD578 /* Resources */,
			);
			buildRules = (
			);
			dependencies = (
			);
			name = DictionaryApp;
			packageProductDependencies = (
			);
			productName = DictionaryApp;
			productReference = BDF0F8552F6A430600CAD578 /* DictionaryApp.app */;
			productType = "com.apple.product-type.application";
		};
/* End PBXNativeTarget section */

/* Begin PBXProject section */
		BDF0F84D2F6A430600CAD578 /* Project object */ = {
			isa = PBXProject;
			attributes = {
				BuildIndependentTargetsInParallel = 1;
				LastSwiftUpdateCheck = 2630;
				LastUpgradeCheck = 2630;
				TargetAttributes = {
					BDF0F8542F6A430600CAD578 = {
						CreatedOnToolsVersion = 26.3;
					};
				};
			};
			buildConfigurationList = BDF0F8502F6A430600CAD578 /* Build configuration list for PBXProject "DictionaryApp" */;
			developmentRegion = en;
			hasScannedForEncodings = 0;
			knownRegions = (
				en,
				Base,
			);
			mainGroup = BDF0F84C2F6A430600CAD578;
			minimizedProjectReferenceProxies = 1;
			preferredProjectObjectVersion = 77;
			productRefGroup = BDF0F8562F6A430600CAD578 /* Products */;
			projectDirPath = "";
			projectRoot = "";
			targets = (
				BDF0F8542F6A430600CAD578 /* DictionaryApp */,
			);
		};
/* End PBXProject section */

/* Begin PBXResourcesBuildPhase section */
		BDF0F8532F6A430600CAD578 /* Resources */ = {
			isa = PBXResourcesBuildPhase;
			buildActionMask = 2147483647;
			files = (
				BDF0F85D2F6A430800CAD578 /* Assets.xcassets in Resources */,
			);
			runOnlyForDeploymentPostprocessing = 0;
		};
/* End PBXResourcesBuildPhase section */

/* Begin PBXSourcesBuildPhase section */
		BDF0F8512F6A430600CAD578 /* Sources */ = {
			isa = PBXSourcesBuildPhase;
			buildActionMask = 2147483647;
			files = (
				BDF5F34F2F6A57B400EB7500 /* Entry.swift in Sources */,
				BDF5F3492F6A522B00EB7500 /* AIView.swift in Sources */,
				BDE655162F779CEA006F6709 /* StrokeOrderWebView.swift in Sources */,
				BDF5F3472F6A520B00EB7500 /* EntryDetailView.swift in Sources */,
				BDF5F3532F6B9A7000EB7500 /* AIModels.swift in Sources */,
				BDF0F85B2F6A430600CAD578 /* DictionaryView.swift in Sources */,
				BDF5F3512F6A582300EB7500 /* SearchResponse.swift in Sources */,
				BDF0F8592F6A430600CAD578 /* DictionaryAppApp.swift in Sources */,
				BDF5F34D2F6A574E00EB7500 /* APIService.swift in Sources */,
				BDF5F34B2F6A560800EB7500 /* DictionaryMainView.swift in Sources */,
			);
			runOnlyForDeploymentPostprocessing = 0;
		};
/* End PBXSourcesBuildPhase section */

/* Begin XCBuildConfiguration section */
		BDF0F85E2F6A430800CAD578 /* Debug */ = {
			isa = XCBuildConfiguration;
			buildSettings = {
				ALWAYS_SEARCH_USER_PATHS = NO;
				ASSETCATALOG_COMPILER_GENERATE_SWIFT_ASSET_SYMBOL_EXTENSIONS = YES;
				CLANG_ANALYZER_NONNULL = YES;
				CLANG_ANALYZER_NUMBER_OBJECT_CONVERSION = YES_AGGRESSIVE;
				CLANG_CXX_LANGUAGE_STANDARD = "gnu++20";
				CLANG_ENABLE_MODULES = YES;
				CLANG_ENABLE_OBJC_ARC = YES;
				CLANG_ENABLE_OBJC_WEAK = YES;
				CLANG_WARN_BLOCK_CAPTURE_AUTORELEASING = YES;
				CLANG_WARN_BOOL_CONVERSION = YES;
				CLANG_WARN_COMMA = YES;
				CLANG_WARN_CONSTANT_CONVERSION = YES;
				CLANG_WARN_DEPRECATED_OBJC_IMPLEMENTATIONS = YES;
				CLANG_WARN_DIRECT_OBJC_ISA_USAGE = YES_ERROR;
				CLANG_WARN_DOCUMENTATION_COMMENTS = YES;
				CLANG_WARN_EMPTY_BODY = YES;
				CLANG_WARN_ENUM_CONVERSION = YES;
				CLANG_WARN_INFINITE_RECURSION = YES;
				CLANG_WARN_INT_CONVERSION = YES;
				CLANG_WARN_NON_LITERAL_NULL_CONVERSION = YES;
				CLANG_WARN_OBJC_IMPLICIT_RETAIN_SELF = YES;
				CLANG_WARN_OBJC_LITERAL_CONVERSION = YES;
				CLANG_WARN_OBJC_ROOT_CLASS = YES_ERROR;
				CLANG_WARN_QUOTED_INCLUDE_IN_FRAMEWORK_HEADER = YES;
				CLANG_WARN_RANGE_LOOP_ANALYSIS = YES;
				CLANG_WARN_STRICT_PROTOTYPES = YES;
				CLANG_WARN_SUSPICIOUS_MOVE = YES;
				CLANG_WARN_UNGUARDED_AVAILABILITY = YES_AGGRESSIVE;
				CLANG_WARN_UNREACHABLE_CODE = YES;
				CLANG_WARN__DUPLICATE_METHOD_MATCH = YES;
				COPY_PHASE_STRIP = NO;
				DEBUG_INFORMATION_FORMAT = dwarf;
				ENABLE_STRICT_OBJC_MSGSEND = YES;
				ENABLE_TESTABILITY = YES;
				ENABLE_USER_SCRIPT_SANDBOXING = YES;
				GCC_C_LANGUAGE_STANDARD = gnu17;
				GCC_DYNAMIC_NO_PIC = NO;
				GCC_NO_COMMON_BLOCKS = YES;
				GCC_OPTIMIZATION_LEVEL = 0;
				GCC_PREPROCESSOR_DEFINITIONS = (
					"DEBUG=1",
					"$(inherited)",
				);
				GCC_WARN_64_TO_32_BIT_CONVERSION = YES;
				GCC_WARN_ABOUT_RETURN_TYPE = YES_ERROR;
				GCC_WARN_UNDECLARED_SELECTOR = YES;
				GCC_WARN_UNINITIALIZED_AUTOS = YES_AGGRESSIVE;
				GCC_WARN_UNUSED_FUNCTION = YES;
				GCC_WARN_UNUSED_VARIABLE = YES;
				IPHONEOS_DEPLOYMENT_TARGET = 26.2;
				LOCALIZATION_PREFERS_STRING_CATALOGS = YES;
				MTL_ENABLE_DEBUG_INFO = INCLUDE_SOURCE;
				MTL_FAST_MATH = YES;
				ONLY_ACTIVE_ARCH = YES;
				SDKROOT = iphoneos;
				SWIFT_ACTIVE_COMPILATION_CONDITIONS = "DEBUG $(inherited)";
				SWIFT_OPTIMIZATION_LEVEL = "-Onone";
			};
			name = Debug;
		};
		BDF0F85F2F6A430800CAD578 /* Release */ = {
			isa = XCBuildConfiguration;
			buildSettings = {
				ALWAYS_SEARCH_USER_PATHS = NO;
				ASSETCATALOG_COMPILER_GENERATE_SWIFT_ASSET_SYMBOL_EXTENSIONS = YES;
				CLANG_ANALYZER_NONNULL = YES;
				CLANG_ANALYZER_NUMBER_OBJECT_CONVERSION = YES_AGGRESSIVE;
				CLANG_CXX_LANGUAGE_STANDARD = "gnu++20";
				CLANG_ENABLE_MODULES = YES;
				CLANG_ENABLE_OBJC_ARC = YES;
				CLANG_ENABLE_OBJC_WEAK = YES;
				CLANG_WARN_BLOCK_CAPTURE_AUTORELEASING = YES;
				CLANG_WARN_BOOL_CONVERSION = YES;
				CLANG_WARN_COMMA = YES;
				CLANG_WARN_CONSTANT_CONVERSION = YES;
				CLANG_WARN_DEPRECATED_OBJC_IMPLEMENTATIONS = YES;
				CLANG_WARN_DIRECT_OBJC_ISA_USAGE = YES_ERROR;
				CLANG_WARN_DOCUMENTATION_COMMENTS = YES;
				CLANG_WARN_EMPTY_BODY = YES;
				CLANG_WARN_ENUM_CONVERSION = YES;
				CLANG_WARN_INFINITE_RECURSION = YES;
				CLANG_WARN_INT_CONVERSION = YES;
				CLANG_WARN_NON_LITERAL_NULL_CONVERSION = YES;
				CLANG_WARN_OBJC_IMPLICIT_RETAIN_SELF = YES;
				CLANG_WARN_OBJC_LITERAL_CONVERSION = YES;
				CLANG_WARN_OBJC_ROOT_CLASS = YES_ERROR;
				CLANG_WARN_QUOTED_INCLUDE_IN_FRAMEWORK_HEADER = YES;
				CLANG_WARN_RANGE_LOOP_ANALYSIS = YES;
				CLANG_WARN_STRICT_PROTOTYPES = YES;
				CLANG_WARN_SUSPICIOUS_MOVE = YES;
				CLANG_WARN_UNGUARDED_AVAILABILITY = YES_AGGRESSIVE;
				CLANG_WARN_UNREACHABLE_CODE = YES;
				CLANG_WARN__DUPLICATE_METHOD_MATCH = YES;
				COPY_PHASE_STRIP = NO;
				DEBUG_INFORMATION_FORMAT = "dwarf-with-dsym";
				ENABLE_NS_ASSERTIONS = NO;
				ENABLE_STRICT_OBJC_MSGSEND = YES;
				ENABLE_USER_SCRIPT_SANDBOXING = YES;
				GCC_C_LANGUAGE_STANDARD = gnu17;
				GCC_NO_COMMON_BLOCKS = YES;
				GCC_WARN_64_TO_32_BIT_CONVERSION = YES;
				GCC_WARN_ABOUT_RETURN_TYPE = YES_ERROR;
				GCC_WARN_UNDECLARED_SELECTOR = YES;
				GCC_WARN_UNINITIALIZED_AUTOS = YES_AGGRESSIVE;
				GCC_WARN_UNUSED_FUNCTION = YES;
				GCC_WARN_UNUSED_VARIABLE = YES;
				IPHONEOS_DEPLOYMENT_TARGET = 26.2;
				LOCALIZATION_PREFERS_STRING_CATALOGS = YES;
				MTL_ENABLE_DEBUG_INFO = NO;
				MTL_FAST_MATH = YES;
				SDKROOT = iphoneos;
				SWIFT_COMPILATION_MODE = wholemodule;
				VALIDATE_PRODUCT = YES;
			};
			name = Release;
		};
		BDF0F8612F6A430800CAD578 /* Debug */ = {
			isa = XCBuildConfiguration;
			buildSettings = {
				ASSETCATALOG_COMPILER_APPICON_NAME = AppIcon;
				ASSETCATALOG_COMPILER_GLOBAL_ACCENT_COLOR_NAME = AccentColor;
				CODE_SIGN_STYLE = Automatic;
				CURRENT_PROJECT_VERSION = 1;
				DEVELOPMENT_TEAM = R85B77Q5PG;
				ENABLE_PREVIEWS = YES;
				GENERATE_INFOPLIST_FILE = YES;
				INFOPLIST_KEY_UIApplicationSceneManifest_Generation = YES;
				INFOPLIST_KEY_UIApplicationSupportsIndirectInputEvents = YES;
				INFOPLIST_KEY_UILaunchScreen_Generation = YES;
				INFOPLIST_KEY_UISupportedInterfaceOrientations_iPad = "UIInterfaceOrientationPortrait UIInterfaceOrientationPortraitUpsideDown UIInterfaceOrientationLandscapeLeft UIInterfaceOrientationLandscapeRight";
				INFOPLIST_KEY_UISupportedInterfaceOrientations_iPhone = "UIInterfaceOrientationPortrait UIInterfaceOrientationLandscapeLeft UIInterfaceOrientationLandscapeRight";
				IPHONEOS_DEPLOYMENT_TARGET = 16.6;
				LD_RUNPATH_SEARCH_PATHS = (
					"$(inherited)",
					"@executable_path/Frameworks",
				);
				MARKETING_VERSION = 1.0;
				PRODUCT_BUNDLE_IDENTIFIER = Ayan.DictionaryApp;
				PRODUCT_NAME = "$(TARGET_NAME)";
				STRING_CATALOG_GENERATE_SYMBOLS = YES;
				SWIFT_APPROACHABLE_CONCURRENCY = YES;
				SWIFT_DEFAULT_ACTOR_ISOLATION = MainActor;
				SWIFT_EMIT_LOC_STRINGS = YES;
				SWIFT_UPCOMING_FEATURE_MEMBER_IMPORT_VISIBILITY = YES;
				SWIFT_VERSION = 5.0;
				TARGETED_DEVICE_FAMILY = "1,2";
			};
			name = Debug;
		};
		BDF0F8622F6A430800CAD578 /* Release */ = {
			isa = XCBuildConfiguration;
			buildSettings = {
				ASSETCATALOG_COMPILER_APPICON_NAME = AppIcon;
				ASSETCATALOG_COMPILER_GLOBAL_ACCENT_COLOR_NAME = AccentColor;
				CODE_SIGN_STYLE = Automatic;
				CURRENT_PROJECT_VERSION = 1;
				DEVELOPMENT_TEAM = R85B77Q5PG;
				ENABLE_PREVIEWS = YES;
				GENERATE_INFOPLIST_FILE = YES;
				INFOPLIST_KEY_UIApplicationSceneManifest_Generation = YES;
				INFOPLIST_KEY_UIApplicationSupportsIndirectInputEvents = YES;
				INFOPLIST_KEY_UILaunchScreen_Generation = YES;
				INFOPLIST_KEY_UISupportedInterfaceOrientations_iPad = "UIInterfaceOrientationPortrait UIInterfaceOrientationPortraitUpsideDown UIInterfaceOrientationLandscapeLeft UIInterfaceOrientationLandscapeRight";
				INFOPLIST_KEY_UISupportedInterfaceOrientations_iPhone = "UIInterfaceOrientationPortrait UIInterfaceOrientationLandscapeLeft UIInterfaceOrientationLandscapeRight";
				IPHONEOS_DEPLOYMENT_TARGET = 16.6;
				LD_RUNPATH_SEARCH_PATHS = (
					"$(inherited)",
					"@executable_path/Frameworks",
				);
				MARKETING_VERSION = 1.0;
				PRODUCT_BUNDLE_IDENTIFIER = Ayan.DictionaryApp;
				PRODUCT_NAME = "$(TARGET_NAME)";
				STRING_CATALOG_GENERATE_SYMBOLS = YES;
				SWIFT_APPROACHABLE_CONCURRENCY = YES;
				SWIFT_DEFAULT_ACTOR_ISOLATION = MainActor;
				SWIFT_EMIT_LOC_STRINGS = YES;
				SWIFT_UPCOMING_FEATURE_MEMBER_IMPORT_VISIBILITY = YES;
				SWIFT_VERSION = 5.0;
				TARGETED_DEVICE_FAMILY = "1,2";
			};
			name = Release;
		};
/* End XCBuildConfiguration section */

/* Begin XCConfigurationList section */
		BDF0F8502F6A430600CAD578 /* Build configuration list for PBXProject "DictionaryApp" */ = {
			isa = XCConfigurationList;
			buildConfigurations = (
				BDF0F85E2F6A430800CAD578 /* Debug */,
				BDF0F85F2F6A430800CAD578 /* Release */,
			);
			defaultConfigurationIsVisible = 0;
			defaultConfigurationName = Release;
		};
		BDF0F8602F6A430800CAD578 /* Build configuration list for PBXNativeTarget "DictionaryApp" */ = {
			isa = XCConfigurationList;
			buildConfigurations = (
				BDF0F8612F6A430800CAD578 /* Debug */,
				BDF0F8622F6A430800CAD578 /* Release */,
			);
			defaultConfigurationIsVisible = 0;
			defaultConfigurationName = Release;
		};
/* End XCConfigurationList section */
	};
	rootObject = BDF0F84D2F6A430600CAD578 /* Project object */;
}
